<?xml version="1.0" encoding="utf-8"?>
<Project ToolsVersion="4.0" xmlns="http://schemas.microsoft.com/developer/msbuild/2003">
  <ItemGroup>
    <ClCompile Include="maku\ui\main.cpp" />
    <ClCompile Include="maku\ui\backroom.cpp" />
    <ClCompile Include="maku\common\pipe_shell.cpp">
      <Filter>common</Filter>
    </ClCompile>
    <ClCompile Include="maku\ui\pipe_agent.cpp" />
  </ItemGroup>
  <ItemGroup>
    <ClInclude Include="maku\ui\backroom.h" />
    <ClInclude Include="maku\common\key_event.h">
      <Filter>common</Filter>
    </ClInclude>
    <ClInclude Include="maku\common\mouse_event.h">
      <Filter>common</Filter>
    </ClInclude>
    <ClInclude Include="maku\common\pipe_msg_def.h">
      <Filter>common</Filter>
    </ClInclude>
    <ClInclude Include="maku\common\pipe_shell.h">
      <Filter>common</Filter>
    </ClInclude>
    <ClInclude Include="maku\ui\pipe_agent.h" />
  </ItemGroup>
  <ItemGroup>
    <Filter Include="common">
      <UniqueIdentifier>{8dccfa8c-7559-4fcc-acdb-2d99aec7fbb0}</UniqueIdentifier>
    </Filter>
  </ItemGroup>
</Project>