<?xml version="1.0" encoding="utf-8"?>
<Project ToolsVersion="4.0" xmlns="http://schemas.microsoft.com/developer/msbuild/2003">
  <ItemGroup>
    <Filter Include="common">
      <UniqueIdentifier>{24c0a84e-c804-44a3-af1e-bad2d144d515}</UniqueIdentifier>
    </Filter>
    <Filter Include="base">
      <UniqueIdentifier>{5d23a6d9-ee92-409b-800f-2228ce773962}</UniqueIdentifier>
    </Filter>
    <Filter Include="detours">
      <UniqueIdentifier>{e2644c0b-b384-4a44-8789-7ff391dc90f2}</UniqueIdentifier>
    </Filter>
    <Filter Include="hookers">
      <UniqueIdentifier>{f473d6b3-63a9-46c6-8c79-6613fe9c9816}</UniqueIdentifier>
    </Filter>
    <Filter Include="hookers\shaders">
      <UniqueIdentifier>{f68cc0dc-b789-43c8-ad34-7dbda7111a7a}</UniqueIdentifier>
    </Filter>
    <Filter Include="context">
      <UniqueIdentifier>{d41ce926-0eac-4e8e-8d55-56c9c47c534a}</UniqueIdentifier>
    </Filter>
    <Filter Include="hookers\kernel32">
      <UniqueIdentifier>{32f05379-a8b9-4383-8f88-e9ccb1969d3c}</UniqueIdentifier>
    </Filter>
    <Filter Include="hookers\user32">
      <UniqueIdentifier>{5b896294-dfdb-4d9a-9326-255b00e17c3c}</UniqueIdentifier>
    </Filter>
    <Filter Include="hookers\input">
      <UniqueIdentifier>{ffd35273-fe65-4e4c-86d7-04c88d387b0f}</UniqueIdentifier>
    </Filter>
    <Filter Include="hookers\dinput">
      <UniqueIdentifier>{f505a22d-0408-47b9-bea8-d18723941acd}</UniqueIdentifier>
    </Filter>
    <Filter Include="hookers\d3d9">
      <UniqueIdentifier>{32114c87-a618-4b78-8d6c-2545175aa022}</UniqueIdentifier>
    </Filter>
    <Filter Include="hookers\dxgi">
      <UniqueIdentifier>{3d72a79a-badc-4de8-b910-9b5c264a37f4}</UniqueIdentifier>
    </Filter>
    <Filter Include="hookers\dxgi\d3d10">
      <UniqueIdentifier>{a356eb4c-d265-49b6-9af7-7090d6eb7f9c}</UniqueIdentifier>
    </Filter>
    <Filter Include="hookers\dxgi\d3d11">
      <UniqueIdentifier>{accb0f67-fa2a-4b93-98b9-074e110c9a47}</UniqueIdentifier>
    </Filter>
    <Filter Include="hookers\opengl">
      <UniqueIdentifier>{b8f5ad95-d0cc-4ca6-89ab-53116e50c671}</UniqueIdentifier>
    </Filter>
    <Filter Include="hookers\ddraw">
      <UniqueIdentifier>{7ed63417-9823-4c95-9773-ef50f441870e}</UniqueIdentifier>
    </Filter>
    <Filter Include="hookers\ddraw\d3d7">
      <UniqueIdentifier>{161913a7-45bd-480f-b301-b3f58f7ed836}</UniqueIdentifier>
    </Filter>
    <Filter Include="hookers\ddraw\gdi">
      <UniqueIdentifier>{1c0454c2-03ab-42f7-a7e5-c3c974d8d1c6}</UniqueIdentifier>
    </Filter>
  </ItemGroup>
  <ItemGroup>
    <ClInclude Include="maku\common\key_event.h">
      <Filter>common</Filter>
    </ClInclude>
    <ClInclude Include="maku\common\mouse_event.h">
      <Filter>common</Filter>
    </ClInclude>
    <ClInclude Include="maku\common\pipe_msg_def.h">
      <Filter>common</Filter>
    </ClInclude>
    <ClInclude Include="maku\render\canvas.h">
      <Filter>base</Filter>
    </ClInclude>
    <ClInclude Include="maku\render\geometry.h">
      <Filter>base</Filter>
    </ClInclude>
    <ClInclude Include="maku\render\utils.h">
      <Filter>base</Filter>
    </ClInclude>
    <ClInclude Include="maku\render\detours\detours.h">
      <Filter>detours</Filter>
    </ClInclude>
    <ClInclude Include="maku\render\detours\detours_ext.h">
      <Filter>detours</Filter>
    </ClInclude>
    <ClInclude Include="maku\render\kernel32_hooker.h">
      <Filter>hookers\kernel32</Filter>
    </ClInclude>
    <ClInclude Include="maku\render\user32_hooker.h">
      <Filter>hookers\user32</Filter>
    </ClInclude>
    <ClInclude Include="maku\render\input_hooker.h">
      <Filter>hookers\input</Filter>
    </ClInclude>
    <ClInclude Include="maku\render\dinput_common.h">
      <Filter>hookers\dinput</Filter>
    </ClInclude>
    <ClInclude Include="maku\render\dinput_hooker.h">
      <Filter>hookers\dinput</Filter>
    </ClInclude>
    <ClInclude Include="maku\render\render_context.h">
      <Filter>context</Filter>
    </ClInclude>
    <ClInclude Include="maku\render\d3dx_shader.h">
      <Filter>hookers\shaders</Filter>
    </ClInclude>
    <ClInclude Include="maku\render\opengl_shader.h">
      <Filter>hookers\shaders</Filter>
    </ClInclude>
    <ClInclude Include="maku\render\opengl_canvas.h">
      <Filter>hookers\opengl</Filter>
    </ClInclude>
    <ClInclude Include="maku\render\opengl_common.h">
      <Filter>hookers\opengl</Filter>
    </ClInclude>
    <ClInclude Include="maku\render\opengl_hooker.h">
      <Filter>hookers\opengl</Filter>
    </ClInclude>
    <ClInclude Include="maku\render\d3d9_canvas.h">
      <Filter>hookers\d3d9</Filter>
    </ClInclude>
    <ClInclude Include="maku\render\d3d9_common.h">
      <Filter>hookers\d3d9</Filter>
    </ClInclude>
    <ClInclude Include="maku\render\d3d9_hooker.h">
      <Filter>hookers\d3d9</Filter>
    </ClInclude>
    <ClInclude Include="maku\render\d3d10_canvas.h">
      <Filter>hookers\dxgi\d3d10</Filter>
    </ClInclude>
    <ClInclude Include="maku\render\d3d11_canvas.h">
      <Filter>hookers\dxgi\d3d11</Filter>
    </ClInclude>
    <ClInclude Include="maku\render\dxgi_common.h">
      <Filter>hookers\dxgi</Filter>
    </ClInclude>
    <ClInclude Include="maku\render\dxgi_hooker.h">
      <Filter>hookers\dxgi</Filter>
    </ClInclude>
    <ClInclude Include="maku\render\d3d7_canvas.h">
      <Filter>hookers\ddraw\d3d7</Filter>
    </ClInclude>
    <ClInclude Include="maku\render\gdi_canvas.h">
      <Filter>hookers\ddraw\gdi</Filter>
    </ClInclude>
    <ClInclude Include="maku\render\ddraw_common.h">
      <Filter>hookers\ddraw</Filter>
    </ClInclude>
    <ClInclude Include="maku\render\ddraw_hooker.h">
      <Filter>hookers\ddraw</Filter>
    </ClInclude>
    <ClInclude Include="maku\common\pipe_shell.h">
      <Filter>common</Filter>
    </ClInclude>
  </ItemGroup>
  <ItemGroup>
    <ClCompile Include="maku\render\geometry.cpp">
      <Filter>base</Filter>
    </ClCompile>
    <ClCompile Include="maku\render\utils.cpp">
      <Filter>base</Filter>
    </ClCompile>
    <ClCompile Include="maku\render\detours\detours.cpp">
      <Filter>detours</Filter>
    </ClCompile>
    <ClCompile Include="maku\render\detours\detours_ext.cpp">
      <Filter>detours</Filter>
    </ClCompile>
    <ClCompile Include="maku\render\detours\disasm.cpp">
      <Filter>detours</Filter>
    </ClCompile>
    <ClCompile Include="maku\render\main.cpp" />
    <ClCompile Include="maku\render\kernel32_hooker.cpp">
      <Filter>hookers\kernel32</Filter>
    </ClCompile>
    <ClCompile Include="maku\render\user32_hooker.cpp">
      <Filter>hookers\user32</Filter>
    </ClCompile>
    <ClCompile Include="maku\render\input_hooker.cpp">
      <Filter>hookers\input</Filter>
    </ClCompile>
    <ClCompile Include="maku\render\dinput_hooker.cpp">
      <Filter>hookers\dinput</Filter>
    </ClCompile>
    <ClCompile Include="maku\render\render_context.cpp">
      <Filter>context</Filter>
    </ClCompile>
    <ClCompile Include="maku\render\opengl_canvas.cpp">
      <Filter>hookers\opengl</Filter>
    </ClCompile>
    <ClCompile Include="maku\render\opengl_hooker.cpp">
      <Filter>hookers\opengl</Filter>
    </ClCompile>
    <ClCompile Include="maku\render\d3d9_canvas.cpp">
      <Filter>hookers\d3d9</Filter>
    </ClCompile>
    <ClCompile Include="maku\render\d3d9_hooker.cpp">
      <Filter>hookers\d3d9</Filter>
    </ClCompile>
    <ClCompile Include="maku\render\d3d10_canvas.cpp">
      <Filter>hookers\dxgi\d3d10</Filter>
    </ClCompile>
    <ClCompile Include="maku\render\d3d11_canvas.cpp">
      <Filter>hookers\dxgi\d3d11</Filter>
    </ClCompile>
    <ClCompile Include="maku\render\dxgi_hooker.cpp">
      <Filter>hookers\dxgi</Filter>
    </ClCompile>
    <ClCompile Include="maku\render\d3d7_canvas.cpp">
      <Filter>hookers\ddraw\d3d7</Filter>
    </ClCompile>
    <ClCompile Include="maku\render\gdi_canvas.cpp">
      <Filter>hookers\ddraw\gdi</Filter>
    </ClCompile>
    <ClCompile Include="maku\render\ddraw_hooker.cpp">
      <Filter>hookers\ddraw</Filter>
    </ClCompile>
    <ClCompile Include="maku\common\pipe_shell.cpp">
      <Filter>common</Filter>
    </ClCompile>
  </ItemGroup>
</Project>